// !$*UTF8*$!
{
	archiveVersion = 1;
	classes = {
	};
	objectVersion = 46;
	objects = {

/* Begin PBXBuildFile section */
		3401FFBF17450A9E0063A85F /* Default-Landscape~ipad.png in Resources */ = {isa = PBXBuildFile; fileRef = 3401FFBB17450A980063A85F /* Default-Landscape~ipad.png */; };
		3401FFC117450AAF0063A85F /* Default-Landscape@2x~ipad.png in Resources */ = {isa = PBXBuildFile; fileRef = 3401FFC017450AAF0063A85F /* Default-Landscape@2x~ipad.png */; };
		3401FFC517450B8B0063A85F /* default-background-ipad.png in Resources */ = {isa = PBXBuildFile; fileRef = 3401FFC217450B8B0063A85F /* default-background-ipad.png */; };
		3401FFC717450B8B0063A85F /* default-background-ipad@2x.png in Resources */ = {isa = PBXBuildFile; fileRef = 3401FFC317450B8B0063A85F /* default-background-ipad@2x.png */; };
		3401FFC817450BA70063A85F /* 72x72_mobile_Icon.png in Resources */ = {isa = PBXBuildFile; fileRef = 3401FFB5174508EE0063A85F /* 72x72_mobile_Icon.png */; };
		3401FFC917450BA70063A85F /* 144x144_mobile_Icon.png in Resources */ = {isa = PBXBuildFile; fileRef = 3401FFB6174508EE0063A85F /* 144x144_mobile_Icon.png */; };
		3401FFCC17450C750063A85F /* home-ipad.png in Resources */ = {isa = PBXBuildFile; fileRef = 3401FFCA17450C750063A85F /* home-ipad.png */; };
		3401FFCD17450C750063A85F /* home-ipad@2x.png in Resources */ = {isa = PBXBuildFile; fileRef = 3401FFCB17450C750063A85F /* home-ipad@2x.png */; };
		6925EB1616F0DAF600D6ED87 /* AboutViewController~ipad.xib in Resources */ = {isa = PBXBuildFile; fileRef = 6925EB1416F0DAC900D6ED87 /* AboutViewController~ipad.xib */; };
		6925EB1816F0DB1500D6ED87 /* SettingsViewController~ipad.xib in Resources */ = {isa = PBXBuildFile; fileRef = 6925EB1716F0DB1500D6ED87 /* SettingsViewController~ipad.xib */; };
		6925EB1A16F0DB2900D6ED87 /* SlideshowViewController~ipad.xib in Resources */ = {isa = PBXBuildFile; fileRef = 6925EB1916F0DB2900D6ED87 /* SlideshowViewController~ipad.xib */; };
		6925EB1B16F0DCB900D6ED87 /* default-background.png in Resources */ = {isa = PBXBuildFile; fileRef = 69FB847616E415CC00CA73F5 /* default-background.png */; };
		6925EB1C16F0DCB900D6ED87 /* gear.png in Resources */ = {isa = PBXBuildFile; fileRef = 69878DF216E43B210076DCC2 /* gear.png */; };
		6925EB1D16F0DCB900D6ED87 /* gear@2x.png in Resources */ = {isa = PBXBuildFile; fileRef = 69878DF316E43B210076DCC2 /* gear@2x.png */; };
		6925EB1E16F0DCB900D6ED87 /* home.png in Resources */ = {isa = PBXBuildFile; fileRef = 69A1522D16EECE2C0092591C /* home.png */; };
		6925EB1F16F0DCB900D6ED87 /* home@2x.png in Resources */ = {isa = PBXBuildFile; fileRef = 69A1522E16EECE2C0092591C /* home@2x.png */; };
		6925EB2016F0DCB900D6ED87 /* home_iphone5.png in Resources */ = {isa = PBXBuildFile; fileRef = 69A1522C16EECE2C0092591C /* home_iphone5.png */; };
		6925EB2116F0DCB900D6ED87 /* ipad-button-green.png in Resources */ = {isa = PBXBuildFile; fileRef = 69A1524A16EED20C0092591C /* ipad-button-green.png */; };
		6925EB2216F0DCB900D6ED87 /* ipad-button-green@2x.png in Resources */ = {isa = PBXBuildFile; fileRef = 69A1524B16EED20C0092591C /* ipad-button-green@2x.png */; };
		6925EB2316F0DCB900D6ED87 /* ipad-slider-fill.png in Resources */ = {isa = PBXBuildFile; fileRef = 69EAA8FF16E25B4300EA42C9 /* ipad-slider-fill.png */; };
		6925EB2416F0DCB900D6ED87 /* ipad-slider-fill@2x.png in Resources */ = {isa = PBXBuildFile; fileRef = 69EAA90016E25B4300EA42C9 /* ipad-slider-fill@2x.png */; };
		6925EB2516F0DCB900D6ED87 /* ipad-slider-handle.png in Resources */ = {isa = PBXBuildFile; fileRef = 69EAA90116E25B4300EA42C9 /* ipad-slider-handle.png */; };
		6925EB2616F0DCB900D6ED87 /* ipad-slider-handle@2x.png in Resources */ = {isa = PBXBuildFile; fileRef = 69EAA90216E25B4300EA42C9 /* ipad-slider-handle@2x.png */; };
		6925EB2716F0DCB900D6ED87 /* ipad-slider-track.png in Resources */ = {isa = PBXBuildFile; fileRef = 69EAA90316E25B4300EA42C9 /* ipad-slider-track.png */; };
		6925EB2816F0DCB900D6ED87 /* ipad-slider-track@2x.png in Resources */ = {isa = PBXBuildFile; fileRef = 69EAA90416E25B4300EA42C9 /* ipad-slider-track@2x.png */; };
		6925EB2916F0DCB900D6ED87 /* new-slideshow-button-active.png in Resources */ = {isa = PBXBuildFile; fileRef = 69A1522F16EECE2C0092591C /* new-slideshow-button-active.png */; };
		6925EB2A16F0DCB900D6ED87 /* new-slideshow-button-active@2x.png in Resources */ = {isa = PBXBuildFile; fileRef = 69A1523016EECE2C0092591C /* new-slideshow-button-active@2x.png */; };
		6925EB2B16F0DCB900D6ED87 /* new-slideshow-button.png in Resources */ = {isa = PBXBuildFile; fileRef = 69A1523116EECE2C0092591C /* new-slideshow-button.png */; };
		6925EB2C16F0DCB900D6ED87 /* new-slideshow-button@2x.png in Resources */ = {isa = PBXBuildFile; fileRef = 69A1523216EECE2C0092591C /* new-slideshow-button@2x.png */; };
		6925EB2D16F0DCB900D6ED87 /* press-and-hold-banner.png in Resources */ = {isa = PBXBuildFile; fileRef = 69A1524E16EED2440092591C /* press-and-hold-banner.png */; };
		6925EB2E16F0DCB900D6ED87 /* press-and-hold-banner@2x.png in Resources */ = {isa = PBXBuildFile; fileRef = 69A1524F16EED2440092591C /* press-and-hold-banner@2x.png */; };
		6925EB2F16F0DCB900D6ED87 /* settings-button-active.png in Resources */ = {isa = PBXBuildFile; fileRef = 69A1523316EECE2C0092591C /* settings-button-active.png */; };
		6925EB3016F0DCB900D6ED87 /* settings-button-active@2x.png in Resources */ = {isa = PBXBuildFile; fileRef = 69A1523416EECE2C0092591C /* settings-button-active@2x.png */; };
		6925EB3116F0DCB900D6ED87 /* settings-button.png in Resources */ = {isa = PBXBuildFile; fileRef = 69A1523516EECE2C0092591C /* settings-button.png */; };
		6925EB3216F0DCB900D6ED87 /* settings-button@2x.png in Resources */ = {isa = PBXBuildFile; fileRef = 69A1523616EECE2C0092591C /* settings-button@2x.png */; };
		6925EB3316F0DCB900D6ED87 /* use-previous-button-active.png in Resources */ = {isa = PBXBuildFile; fileRef = 69A1523716EECE2C0092591C /* use-previous-button-active.png */; };
		6925EB3416F0DCB900D6ED87 /* use-previous-button-active@2x.png in Resources */ = {isa = PBXBuildFile; fileRef = 69A1523816EECE2C0092591C /* use-previous-button-active@2x.png */; };
		6925EB3516F0DCB900D6ED87 /* use-previous-button.png in Resources */ = {isa = PBXBuildFile; fileRef = 69A1523916EECE2C0092591C /* use-previous-button.png */; };
		6925EB3616F0DCB900D6ED87 /* use-previous-button@2x.png in Resources */ = {isa = PBXBuildFile; fileRef = 69A1523A16EECE2C0092591C /* use-previous-button@2x.png */; };
		6925EB3716F0DCB900D6ED87 /* WSAssetViewSelectionIndicator.png in Resources */ = {isa = PBXBuildFile; fileRef = 6959700716DAE3780021868B /* WSAssetViewSelectionIndicator.png */; };
		6925EB3816F0DCB900D6ED87 /* WSAssetViewSelectionIndicator@2x.png in Resources */ = {isa = PBXBuildFile; fileRef = 6959700816DAE3780021868B /* WSAssetViewSelectionIndicator@2x.png */; };
		69596FC916DADE890021868B /* UIKit.framework in Frameworks */ = {isa = PBXBuildFile; fileRef = 69596FC816DADE890021868B /* UIKit.framework */; };
		69596FCB16DADE890021868B /* Foundation.framework in Frameworks */ = {isa = PBXBuildFile; fileRef = 69596FCA16DADE890021868B /* Foundation.framework */; };
		69596FCD16DADE890021868B /* CoreGraphics.framework in Frameworks */ = {isa = PBXBuildFile; fileRef = 69596FCC16DADE890021868B /* CoreGraphics.framework */; };
		69596FD316DADE890021868B /* InfoPlist.strings in Resources */ = {isa = PBXBuildFile; fileRef = 69596FD116DADE890021868B /* InfoPlist.strings */; };
		69596FD516DADE890021868B /* main.m in Sources */ = {isa = PBXBuildFile; fileRef = 69596FD416DADE890021868B /* main.m */; };
		69596FD916DADE890021868B /* AppDelegate.m in Sources */ = {isa = PBXBuildFile; fileRef = 69596FD816DADE890021868B /* AppDelegate.m */; };
		69596FDB16DADE890021868B /* Default.png in Resources */ = {isa = PBXBuildFile; fileRef = 69596FDA16DADE890021868B /* Default.png */; };
		69596FDD16DADE890021868B /* Default@2x.png in Resources */ = {isa = PBXBuildFile; fileRef = 69596FDC16DADE890021868B /* Default@2x.png */; };
		69596FDF16DADE890021868B /* Default-568h@2x.png in Resources */ = {isa = PBXBuildFile; fileRef = 69596FDE16DADE890021868B /* Default-568h@2x.png */; };
		69596FE216DADE890021868B /* ViewController.m in Sources */ = {isa = PBXBuildFile; fileRef = 69596FE116DADE890021868B /* ViewController.m */; };
		69596FE516DADE890021868B /* ViewController~iphone.xib in Resources */ = {isa = PBXBuildFile; fileRef = 69596FE316DADE890021868B /* ViewController~iphone.xib */; };
		6959700416DAE1950021868B /* AssetsLibrary.framework in Frameworks */ = {isa = PBXBuildFile; fileRef = 6959700316DAE1950021868B /* AssetsLibrary.framework */; };
		6959700916DAE3780021868B /* WSAssetViewSelectionIndicator.png in Resources */ = {isa = PBXBuildFile; fileRef = 6959700716DAE3780021868B /* WSAssetViewSelectionIndicator.png */; };
		6959700A16DAE3780021868B /* WSAssetViewSelectionIndicator@2x.png in Resources */ = {isa = PBXBuildFile; fileRef = 6959700816DAE3780021868B /* WSAssetViewSelectionIndicator@2x.png */; };
		6959701016DAE4FC0021868B /* SlideshowViewController.m in Sources */ = {isa = PBXBuildFile; fileRef = 6959700E16DAE4FC0021868B /* SlideshowViewController.m */; };
		6959701116DAE4FC0021868B /* SlideshowViewController~iphone.xib in Resources */ = {isa = PBXBuildFile; fileRef = 6959700F16DAE4FC0021868B /* SlideshowViewController~iphone.xib */; };
		69878DF416E43B210076DCC2 /* gear.png in Resources */ = {isa = PBXBuildFile; fileRef = 69878DF216E43B210076DCC2 /* gear.png */; };
		69878DF516E43B210076DCC2 /* gear@2x.png in Resources */ = {isa = PBXBuildFile; fileRef = 69878DF316E43B210076DCC2 /* gear@2x.png */; };
		69878DFB16E43D4B0076DCC2 /* 57x57_mobile_icon.png in Resources */ = {isa = PBXBuildFile; fileRef = 69878DFA16E43D4B0076DCC2 /* 57x57_mobile_icon.png */; };
		69878DFD16E43D500076DCC2 /* 114x114_mobile_icon.png in Resources */ = {isa = PBXBuildFile; fileRef = 69878DFC16E43D500076DCC2 /* 114x114_mobile_icon.png */; };
		69A1523B16EECE2C0092591C /* home_iphone5.png in Resources */ = {isa = PBXBuildFile; fileRef = 69A1522C16EECE2C0092591C /* home_iphone5.png */; };
		69A1523C16EECE2C0092591C /* home.png in Resources */ = {isa = PBXBuildFile; fileRef = 69A1522D16EECE2C0092591C /* home.png */; };
		69A1523D16EECE2C0092591C /* home@2x.png in Resources */ = {isa = PBXBuildFile; fileRef = 69A1522E16EECE2C0092591C /* home@2x.png */; };
		69A1523E16EECE2C0092591C /* new-slideshow-button-active.png in Resources */ = {isa = PBXBuildFile; fileRef = 69A1522F16EECE2C0092591C /* new-slideshow-button-active.png */; };
		69A1523F16EECE2C0092591C /* new-slideshow-button-active@2x.png in Resources */ = {isa = PBXBuildFile; fileRef = 69A1523016EECE2C0092591C /* new-slideshow-button-active@2x.png */; };
		69A1524016EECE2C0092591C /* new-slideshow-button.png in Resources */ = {isa = PBXBuildFile; fileRef = 69A1523116EECE2C0092591C /* new-slideshow-button.png */; };
		69A1524116EECE2C0092591C /* new-slideshow-button@2x.png in Resources */ = {isa = PBXBuildFile; fileRef = 69A1523216EECE2C0092591C /* new-slideshow-button@2x.png */; };
		69A1524216EECE2C0092591C /* settings-button-active.png in Resources */ = {isa = PBXBuildFile; fileRef = 69A1523316EECE2C0092591C /* settings-button-active.png */; };
		69A1524316EECE2C0092591C /* settings-button-active@2x.png in Resources */ = {isa = PBXBuildFile; fileRef = 69A1523416EECE2C0092591C /* settings-button-active@2x.png */; };
		69A1524416EECE2C0092591C /* settings-button.png in Resources */ = {isa = PBXBuildFile; fileRef = 69A1523516EECE2C0092591C /* settings-button.png */; };
		69A1524516EECE2C0092591C /* settings-button@2x.png in Resources */ = {isa = PBXBuildFile; fileRef = 69A1523616EECE2C0092591C /* settings-button@2x.png */; };
		69A1524616EECE2C0092591C /* use-previous-button-active.png in Resources */ = {isa = PBXBuildFile; fileRef = 69A1523716EECE2C0092591C /* use-previous-button-active.png */; };
		69A1524716EECE2C0092591C /* use-previous-button-active@2x.png in Resources */ = {isa = PBXBuildFile; fileRef = 69A1523816EECE2C0092591C /* use-previous-button-active@2x.png */; };
		69A1524816EECE2C0092591C /* use-previous-button.png in Resources */ = {isa = PBXBuildFile; fileRef = 69A1523916EECE2C0092591C /* use-previous-button.png */; };
		69A1524916EECE2C0092591C /* use-previous-button@2x.png in Resources */ = {isa = PBXBuildFile; fileRef = 69A1523A16EECE2C0092591C /* use-previous-button@2x.png */; };
		69A1524C16EED20C0092591C /* ipad-button-green.png in Resources */ = {isa = PBXBuildFile; fileRef = 69A1524A16EED20C0092591C /* ipad-button-green.png */; };
		69A1524D16EED20C0092591C /* ipad-button-green@2x.png in Resources */ = {isa = PBXBuildFile; fileRef = 69A1524B16EED20C0092591C /* ipad-button-green@2x.png */; };
		69A1525016EED2440092591C /* press-and-hold-banner.png in Resources */ = {isa = PBXBuildFile; fileRef = 69A1524E16EED2440092591C /* press-and-hold-banner.png */; };
		69A1525116EED2440092591C /* press-and-hold-banner@2x.png in Resources */ = {isa = PBXBuildFile; fileRef = 69A1524F16EED2440092591C /* press-and-hold-banner@2x.png */; };
		69D80C2916EFA5DE00AE451F /* UIKit.framework in Frameworks */ = {isa = PBXBuildFile; fileRef = 69596FC816DADE890021868B /* UIKit.framework */; };
		69D80C2A16EFA5DE00AE451F /* Foundation.framework in Frameworks */ = {isa = PBXBuildFile; fileRef = 69596FCA16DADE890021868B /* Foundation.framework */; };
		69D80C2B16EFA5DE00AE451F /* CoreGraphics.framework in Frameworks */ = {isa = PBXBuildFile; fileRef = 69596FCC16DADE890021868B /* CoreGraphics.framework */; };
		69D80C3116EFA5DE00AE451F /* InfoPlist.strings in Resources */ = {isa = PBXBuildFile; fileRef = 69D80C2F16EFA5DE00AE451F /* InfoPlist.strings */; };
		69D80C4116EFA5F600AE451F /* QuartzCore.framework in Frameworks */ = {isa = PBXBuildFile; fileRef = 69E41EEB16DBC0BE00C27C9D /* QuartzCore.framework */; };
		69D80C4216EFA5FB00AE451F /* AssetsLibrary.framework in Frameworks */ = {isa = PBXBuildFile; fileRef = 6959700316DAE1950021868B /* AssetsLibrary.framework */; };
		69D80C4316EFA64300AE451F /* AppDelegate.m in Sources */ = {isa = PBXBuildFile; fileRef = 69596FD816DADE890021868B /* AppDelegate.m */; };
		69D80C4416EFA64800AE451F /* main.m in Sources */ = {isa = PBXBuildFile; fileRef = 69596FD416DADE890021868B /* main.m */; };
		69D80C4516EFA67700AE451F /* AboutViewController.m in Sources */ = {isa = PBXBuildFile; fileRef = 69FB847916E41AD200CA73F5 /* AboutViewController.m */; };
		69D80C4616EFA67700AE451F /* SettingsHelper.m in Sources */ = {isa = PBXBuildFile; fileRef = 69E41ECB16DBB24800C27C9D /* SettingsHelper.m */; };
		69D80C4716EFA67700AE451F /* SettingsViewController.m in Sources */ = {isa = PBXBuildFile; fileRef = 69E41EC516DBAC1B00C27C9D /* SettingsViewController.m */; };
		69D80C4816EFA67700AE451F /* SlideshowViewController.m in Sources */ = {isa = PBXBuildFile; fileRef = 6959700E16DAE4FC0021868B /* SlideshowViewController.m */; };
		69D80C4916EFA67700AE451F /* UIImage+iPhone5.m in Sources */ = {isa = PBXBuildFile; fileRef = 69EAA8FD16E25B0100EA42C9 /* UIImage+iPhone5.m */; };
		69D80C4A16EFA67700AE451F /* ViewController.m in Sources */ = {isa = PBXBuildFile; fileRef = 69596FE116DADE890021868B /* ViewController.m */; };
		69D80C4D16EFA6F100AE451F /* Crashlytics.framework in Frameworks */ = {isa = PBXBuildFile; fileRef = 69FB847E16E4202B00CA73F5 /* Crashlytics.framework */; };
		69D80C6516EFA7A300AE451F /* SVProgressHUD.bundle in Resources */ = {isa = PBXBuildFile; fileRef = 69D80C4F16EFA7A300AE451F /* SVProgressHUD.bundle */; };
		69D80C6616EFA7A300AE451F /* SVProgressHUD.bundle in Resources */ = {isa = PBXBuildFile; fileRef = 69D80C4F16EFA7A300AE451F /* SVProgressHUD.bundle */; };
		69D80C6716EFA7A300AE451F /* SVProgressHUD.m in Sources */ = {isa = PBXBuildFile; fileRef = 69D80C5116EFA7A300AE451F /* SVProgressHUD.m */; };
		69D80C6816EFA7A300AE451F /* SVProgressHUD.m in Sources */ = {isa = PBXBuildFile; fileRef = 69D80C5116EFA7A300AE451F /* SVProgressHUD.m */; };
		69D80C6916EFA7A300AE451F /* WSAlbumTableViewController.m in Sources */ = {isa = PBXBuildFile; fileRef = 69D80C5416EFA7A300AE451F /* WSAlbumTableViewController.m */; };
		69D80C6A16EFA7A300AE451F /* WSAlbumTableViewController.m in Sources */ = {isa = PBXBuildFile; fileRef = 69D80C5416EFA7A300AE451F /* WSAlbumTableViewController.m */; };
		69D80C6B16EFA7A300AE451F /* WSAssetPickerController.m in Sources */ = {isa = PBXBuildFile; fileRef = 69D80C5816EFA7A300AE451F /* WSAssetPickerController.m */; };
		69D80C6C16EFA7A300AE451F /* WSAssetPickerController.m in Sources */ = {isa = PBXBuildFile; fileRef = 69D80C5816EFA7A300AE451F /* WSAssetPickerController.m */; };
		69D80C6D16EFA7A300AE451F /* WSAssetPickerState.m in Sources */ = {isa = PBXBuildFile; fileRef = 69D80C5A16EFA7A300AE451F /* WSAssetPickerState.m */; };
		69D80C6E16EFA7A300AE451F /* WSAssetPickerState.m in Sources */ = {isa = PBXBuildFile; fileRef = 69D80C5A16EFA7A300AE451F /* WSAssetPickerState.m */; };
		69D80C6F16EFA7A300AE451F /* WSAssetsTableViewCell.m in Sources */ = {isa = PBXBuildFile; fileRef = 69D80C5C16EFA7A300AE451F /* WSAssetsTableViewCell.m */; };
		69D80C7016EFA7A300AE451F /* WSAssetsTableViewCell.m in Sources */ = {isa = PBXBuildFile; fileRef = 69D80C5C16EFA7A300AE451F /* WSAssetsTableViewCell.m */; };
		69D80C7116EFA7A300AE451F /* WSAssetTableViewController.m in Sources */ = {isa = PBXBuildFile; fileRef = 69D80C5E16EFA7A300AE451F /* WSAssetTableViewController.m */; };
		69D80C7216EFA7A300AE451F /* WSAssetTableViewController.m in Sources */ = {isa = PBXBuildFile; fileRef = 69D80C5E16EFA7A300AE451F /* WSAssetTableViewController.m */; };
		69D80C7316EFA7A300AE451F /* WSAssetViewColumn.m in Sources */ = {isa = PBXBuildFile; fileRef = 69D80C6016EFA7A300AE451F /* WSAssetViewColumn.m */; };
		69D80C7416EFA7A300AE451F /* WSAssetViewColumn.m in Sources */ = {isa = PBXBuildFile; fileRef = 69D80C6016EFA7A300AE451F /* WSAssetViewColumn.m */; };
		69D80C7516EFA7A300AE451F /* WSAssetWrapper.m in Sources */ = {isa = PBXBuildFile; fileRef = 69D80C6216EFA7A300AE451F /* WSAssetWrapper.m */; };
		69D80C7616EFA7A300AE451F /* WSAssetWrapper.m in Sources */ = {isa = PBXBuildFile; fileRef = 69D80C6216EFA7A300AE451F /* WSAssetWrapper.m */; };
		69D80C7716EFA7A300AE451F /* WSPickerWithToolbar.m in Sources */ = {isa = PBXBuildFile; fileRef = 69D80C6416EFA7A300AE451F /* WSPickerWithToolbar.m */; };
		69D80C7816EFA7A300AE451F /* WSPickerWithToolbar.m in Sources */ = {isa = PBXBuildFile; fileRef = 69D80C6416EFA7A300AE451F /* WSPickerWithToolbar.m */; };
		69D80C7916EFA87000AE451F /* ViewController~ipad.xib in Resources */ = {isa = PBXBuildFile; fileRef = 69D80C4B16EFA6C200AE451F /* ViewController~ipad.xib */; };
		69E41EC716DBAC1B00C27C9D /* SettingsViewController.m in Sources */ = {isa = PBXBuildFile; fileRef = 69E41EC516DBAC1B00C27C9D /* SettingsViewController.m */; };
		69E41EC816DBAC1B00C27C9D /* SettingsViewController~iphone.xib in Resources */ = {isa = PBXBuildFile; fileRef = 69E41EC616DBAC1B00C27C9D /* SettingsViewController~iphone.xib */; };
		69E41ECC16DBB24800C27C9D /* SettingsHelper.m in Sources */ = {isa = PBXBuildFile; fileRef = 69E41ECB16DBB24800C27C9D /* SettingsHelper.m */; };
		69E41EEC16DBC0BE00C27C9D /* QuartzCore.framework in Frameworks */ = {isa = PBXBuildFile; fileRef = 69E41EEB16DBC0BE00C27C9D /* QuartzCore.framework */; };
		69EAA8FE16E25B0100EA42C9 /* UIImage+iPhone5.m in Sources */ = {isa = PBXBuildFile; fileRef = 69EAA8FD16E25B0100EA42C9 /* UIImage+iPhone5.m */; };
		69EAA90516E25B4300EA42C9 /* ipad-slider-fill.png in Resources */ = {isa = PBXBuildFile; fileRef = 69EAA8FF16E25B4300EA42C9 /* ipad-slider-fill.png */; };
		69EAA90616E25B4300EA42C9 /* ipad-slider-fill@2x.png in Resources */ = {isa = PBXBuildFile; fileRef = 69EAA90016E25B4300EA42C9 /* ipad-slider-fill@2x.png */; };
		69EAA90716E25B4300EA42C9 /* ipad-slider-handle.png in Resources */ = {isa = PBXBuildFile; fileRef = 69EAA90116E25B4300EA42C9 /* ipad-slider-handle.png */; };
		69EAA90816E25B4300EA42C9 /* ipad-slider-handle@2x.png in Resources */ = {isa = PBXBuildFile; fileRef = 69EAA90216E25B4300EA42C9 /* ipad-slider-handle@2x.png */; };
		69EAA90916E25B4300EA42C9 /* ipad-slider-track.png in Resources */ = {isa = PBXBuildFile; fileRef = 69EAA90316E25B4300EA42C9 /* ipad-slider-track.png */; };
		69EAA90A16E25B4300EA42C9 /* ipad-slider-track@2x.png in Resources */ = {isa = PBXBuildFile; fileRef = 69EAA90416E25B4300EA42C9 /* ipad-slider-track@2x.png */; };
		69FB847716E415CC00CA73F5 /* default-background.png in Resources */ = {isa = PBXBuildFile; fileRef = 69FB847616E415CC00CA73F5 /* default-background.png */; };
		69FB847B16E41AD200CA73F5 /* AboutViewController.m in Sources */ = {isa = PBXBuildFile; fileRef = 69FB847916E41AD200CA73F5 /* AboutViewController.m */; };
		69FB847C16E41AD200CA73F5 /* AboutViewController~iphone.xib in Resources */ = {isa = PBXBuildFile; fileRef = 69FB847A16E41AD200CA73F5 /* AboutViewController~iphone.xib */; };
		69FB847F16E4202B00CA73F5 /* Crashlytics.framework in Frameworks */ = {isa = PBXBuildFile; fileRef = 69FB847E16E4202B00CA73F5 /* Crashlytics.framework */; };
/* End PBXBuildFile section */

/* Begin PBXFileReference section */
		3401FFB5174508EE0063A85F /* 72x72_mobile_Icon.png */ = {isa = PBXFileReference; lastKnownFileType = image.png; path = 72x72_mobile_Icon.png; sourceTree = "<group>"; };
		3401FFB6174508EE0063A85F /* 144x144_mobile_Icon.png */ = {isa = PBXFileReference; lastKnownFileType = image.png; path = 144x144_mobile_Icon.png; sourceTree = "<group>"; };
		3401FFBB17450A980063A85F /* Default-Landscape~ipad.png */ = {isa = PBXFileReference; lastKnownFileType = image.png; path = "Default-Landscape~ipad.png"; sourceTree = "<group>"; };
		3401FFC017450AAF0063A85F /* Default-Landscape@2x~ipad.png */ = {isa = PBXFileReference; lastKnownFileType = image.png; path = "Default-Landscape@2x~ipad.png"; sourceTree = "<group>"; };
		3401FFC217450B8B0063A85F /* default-background-ipad.png */ = {isa = PBXFileReference; lastKnownFileType = image.png; path = "default-background-ipad.png"; sourceTree = "<group>"; };
		3401FFC317450B8B0063A85F /* default-background-ipad@2x.png */ = {isa = PBXFileReference; lastKnownFileType = image.png; path = "default-background-ipad@2x.png"; sourceTree = "<group>"; };
		3401FFCA17450C750063A85F /* home-ipad.png */ = {isa = PBXFileReference; lastKnownFileType = image.png; path = "home-ipad.png"; sourceTree = "<group>"; };
		3401FFCB17450C750063A85F /* home-ipad@2x.png */ = {isa = PBXFileReference; lastKnownFileType = image.png; path = "home-ipad@2x.png"; sourceTree = "<group>"; };
		6925EB1416F0DAC900D6ED87 /* AboutViewController~ipad.xib */ = {isa = PBXFileReference; fileEncoding = 4; lastKnownFileType = file.xib; path = "AboutViewController~ipad.xib"; sourceTree = "<group>"; };
		6925EB1716F0DB1500D6ED87 /* SettingsViewController~ipad.xib */ = {isa = PBXFileReference; fileEncoding = 4; lastKnownFileType = file.xib; path = "SettingsViewController~ipad.xib"; sourceTree = "<group>"; };
		6925EB1916F0DB2900D6ED87 /* SlideshowViewController~ipad.xib */ = {isa = PBXFileReference; fileEncoding = 4; lastKnownFileType = file.xib; path = "SlideshowViewController~ipad.xib"; sourceTree = "<group>"; };
		69596FC516DADE890021868B /* BabyMeSlideshow.app */ = {isa = PBXFileReference; explicitFileType = wrapper.application; includeInIndex = 0; path = BabyMeSlideshow.app; sourceTree = BUILT_PRODUCTS_DIR; };
		69596FC816DADE890021868B /* UIKit.framework */ = {isa = PBXFileReference; lastKnownFileType = wrapper.framework; name = UIKit.framework; path = System/Library/Frameworks/UIKit.framework; sourceTree = SDKROOT; };
		69596FCA16DADE890021868B /* Foundation.framework */ = {isa = PBXFileReference; lastKnownFileType = wrapper.framework; name = Foundation.framework; path = System/Library/Frameworks/Foundation.framework; sourceTree = SDKROOT; };
		69596FCC16DADE890021868B /* CoreGraphics.framework */ = {isa = PBXFileReference; lastKnownFileType = wrapper.framework; name = CoreGraphics.framework; path = System/Library/Frameworks/CoreGraphics.framework; sourceTree = SDKROOT; };
		69596FD016DADE890021868B /* BabyMeSlideshow-Info.plist */ = {isa = PBXFileReference; lastKnownFileType = text.plist.xml; path = "BabyMeSlideshow-Info.plist"; sourceTree = "<group>"; };
		69596FD216DADE890021868B /* en */ = {isa = PBXFileReference; lastKnownFileType = text.plist.strings; name = en; path = en.lproj/InfoPlist.strings; sourceTree = "<group>"; };
		69596FD416DADE890021868B /* main.m */ = {isa = PBXFileReference; lastKnownFileType = sourcecode.c.objc; path = main.m; sourceTree = "<group>"; };
		69596FD616DADE890021868B /* BabyMeSlideshow-Prefix.pch */ = {isa = PBXFileReference; lastKnownFileType = sourcecode.c.h; path = "BabyMeSlideshow-Prefix.pch"; sourceTree = "<group>"; };
		69596FD716DADE890021868B /* AppDelegate.h */ = {isa = PBXFileReference; lastKnownFileType = sourcecode.c.h; path = AppDelegate.h; sourceTree = "<group>"; };
		69596FD816DADE890021868B /* AppDelegate.m */ = {isa = PBXFileReference; lastKnownFileType = sourcecode.c.objc; path = AppDelegate.m; sourceTree = "<group>"; };
		69596FDA16DADE890021868B /* Default.png */ = {isa = PBXFileReference; lastKnownFileType = image.png; path = Default.png; sourceTree = "<group>"; };
		69596FDC16DADE890021868B /* Default@2x.png */ = {isa = PBXFileReference; lastKnownFileType = image.png; path = "Default@2x.png"; sourceTree = "<group>"; };
		69596FDE16DADE890021868B /* Default-568h@2x.png */ = {isa = PBXFileReference; lastKnownFileType = image.png; path = "Default-568h@2x.png"; sourceTree = "<group>"; };
		69596FE016DADE890021868B /* ViewController.h */ = {isa = PBXFileReference; lastKnownFileType = sourcecode.c.h; path = ViewController.h; sourceTree = "<group>"; };
		69596FE116DADE890021868B /* ViewController.m */ = {isa = PBXFileReference; lastKnownFileType = sourcecode.c.objc; path = ViewController.m; sourceTree = "<group>"; };
		69596FE416DADE890021868B /* en */ = {isa = PBXFileReference; lastKnownFileType = file.xib; name = en; path = "en.lproj/ViewController~iphone.xib"; sourceTree = "<group>"; };
		6959700316DAE1950021868B /* AssetsLibrary.framework */ = {isa = PBXFileReference; lastKnownFileType = wrapper.framework; name = AssetsLibrary.framework; path = System/Library/Frameworks/AssetsLibrary.framework; sourceTree = SDKROOT; };
		6959700716DAE3780021868B /* WSAssetViewSelectionIndicator.png */ = {isa = PBXFileReference; lastKnownFileType = image.png; path = WSAssetViewSelectionIndicator.png; sourceTree = "<group>"; };
		6959700816DAE3780021868B /* WSAssetViewSelectionIndicator@2x.png */ = {isa = PBXFileReference; lastKnownFileType = image.png; path = "WSAssetViewSelectionIndicator@2x.png"; sourceTree = "<group>"; };
		6959700D16DAE4FC0021868B /* SlideshowViewController.h */ = {isa = PBXFileReference; fileEncoding = 4; lastKnownFileType = sourcecode.c.h; path = SlideshowViewController.h; sourceTree = "<group>"; };
		6959700E16DAE4FC0021868B /* SlideshowViewController.m */ = {isa = PBXFileReference; fileEncoding = 4; lastKnownFileType = sourcecode.c.objc; path = SlideshowViewController.m; sourceTree = "<group>"; };
		6959700F16DAE4FC0021868B /* SlideshowViewController~iphone.xib */ = {isa = PBXFileReference; fileEncoding = 4; lastKnownFileType = file.xib; path = "SlideshowViewController~iphone.xib"; sourceTree = "<group>"; };
		69878DF216E43B210076DCC2 /* gear.png */ = {isa = PBXFileReference; lastKnownFileType = image.png; path = gear.png; sourceTree = "<group>"; };
		69878DF316E43B210076DCC2 /* gear@2x.png */ = {isa = PBXFileReference; lastKnownFileType = image.png; path = "gear@2x.png"; sourceTree = "<group>"; };
		69878DFA16E43D4B0076DCC2 /* 57x57_mobile_icon.png */ = {isa = PBXFileReference; lastKnownFileType = image.png; path = 57x57_mobile_icon.png; sourceTree = "<group>"; };
		69878DFC16E43D500076DCC2 /* 114x114_mobile_icon.png */ = {isa = PBXFileReference; lastKnownFileType = image.png; path = 114x114_mobile_icon.png; sourceTree = "<group>"; };
		69A1522C16EECE2C0092591C /* home_iphone5.png */ = {isa = PBXFileReference; lastKnownFileType = image.png; path = home_iphone5.png; sourceTree = "<group>"; };
		69A1522D16EECE2C0092591C /* home.png */ = {isa = PBXFileReference; lastKnownFileType = image.png; path = home.png; sourceTree = "<group>"; };
		69A1522E16EECE2C0092591C /* home@2x.png */ = {isa = PBXFileReference; lastKnownFileType = image.png; path = "home@2x.png"; sourceTree = "<group>"; };
		69A1522F16EECE2C0092591C /* new-slideshow-button-active.png */ = {isa = PBXFileReference; lastKnownFileType = image.png; path = "new-slideshow-button-active.png"; sourceTree = "<group>"; };
		69A1523016EECE2C0092591C /* new-slideshow-button-active@2x.png */ = {isa = PBXFileReference; lastKnownFileType = image.png; path = "new-slideshow-button-active@2x.png"; sourceTree = "<group>"; };
		69A1523116EECE2C0092591C /* new-slideshow-button.png */ = {isa = PBXFileReference; lastKnownFileType = image.png; path = "new-slideshow-button.png"; sourceTree = "<group>"; };
		69A1523216EECE2C0092591C /* new-slideshow-button@2x.png */ = {isa = PBXFileReference; lastKnownFileType = image.png; path = "new-slideshow-button@2x.png"; sourceTree = "<group>"; };
		69A1523316EECE2C0092591C /* settings-button-active.png */ = {isa = PBXFileReference; lastKnownFileType = image.png; path = "settings-button-active.png"; sourceTree = "<group>"; };
		69A1523416EECE2C0092591C /* settings-button-active@2x.png */ = {isa = PBXFileReference; lastKnownFileType = image.png; path = "settings-button-active@2x.png"; sourceTree = "<group>"; };
		69A1523516EECE2C0092591C /* settings-button.png */ = {isa = PBXFileReference; lastKnownFileType = image.png; path = "settings-button.png"; sourceTree = "<group>"; };
		69A1523616EECE2C0092591C /* settings-button@2x.png */ = {isa = PBXFileReference; lastKnownFileType = image.png; path = "settings-button@2x.png"; sourceTree = "<group>"; };
		69A1523716EECE2C0092591C /* use-previous-button-active.png */ = {isa = PBXFileReference; lastKnownFileType = image.png; path = "use-previous-button-active.png"; sourceTree = "<group>"; };
		69A1523816EECE2C0092591C /* use-previous-button-active@2x.png */ = {isa = PBXFileReference; lastKnownFileType = image.png; path = "use-previous-button-active@2x.png"; sourceTree = "<group>"; };
		69A1523916EECE2C0092591C /* use-previous-button.png */ = {isa = PBXFileReference; lastKnownFileType = image.png; path = "use-previous-button.png"; sourceTree = "<group>"; };
		69A1523A16EECE2C0092591C /* use-previous-button@2x.png */ = {isa = PBXFileReference; lastKnownFileType = image.png; path = "use-previous-button@2x.png"; sourceTree = "<group>"; };
		69A1524A16EED20C0092591C /* ipad-button-green.png */ = {isa = PBXFileReference; lastKnownFileType = image.png; path = "ipad-button-green.png"; sourceTree = "<group>"; };
		69A1524B16EED20C0092591C /* ipad-button-green@2x.png */ = {isa = PBXFileReference; lastKnownFileType = image.png; path = "ipad-button-green@2x.png"; sourceTree = "<group>"; };
		69A1524E16EED2440092591C /* press-and-hold-banner.png */ = {isa = PBXFileReference; lastKnownFileType = image.png; path = "press-and-hold-banner.png"; sourceTree = "<group>"; };
		69A1524F16EED2440092591C /* press-and-hold-banner@2x.png */ = {isa = PBXFileReference; lastKnownFileType = image.png; path = "press-and-hold-banner@2x.png"; sourceTree = "<group>"; };
		69D80C2816EFA5DE00AE451F /* BabyMeSlideshowPlus.app */ = {isa = PBXFileReference; explicitFileType = wrapper.application; includeInIndex = 0; path = BabyMeSlideshowPlus.app; sourceTree = BUILT_PRODUCTS_DIR; };
		69D80C2E16EFA5DE00AE451F /* BabyMeSlideshowPlus-Info.plist */ = {isa = PBXFileReference; lastKnownFileType = text.plist.xml; path = "BabyMeSlideshowPlus-Info.plist"; sourceTree = "<group>"; };
		69D80C3016EFA5DE00AE451F /* en */ = {isa = PBXFileReference; lastKnownFileType = text.plist.strings; name = en; path = en.lproj/InfoPlist.strings; sourceTree = "<group>"; };
		69D80C3416EFA5DE00AE451F /* BabyMeSlideshowPlus-Prefix.pch */ = {isa = PBXFileReference; lastKnownFileType = sourcecode.c.h; path = "BabyMeSlideshowPlus-Prefix.pch"; sourceTree = "<group>"; };
		69D80C4B16EFA6C200AE451F /* ViewController~ipad.xib */ = {isa = PBXFileReference; fileEncoding = 4; lastKnownFileType = file.xib; path = "ViewController~ipad.xib"; sourceTree = "<group>"; };
		69D80C4F16EFA7A300AE451F /* SVProgressHUD.bundle */ = {isa = PBXFileReference; lastKnownFileType = "wrapper.plug-in"; path = SVProgressHUD.bundle; sourceTree = "<group>"; };
		69D80C5016EFA7A300AE451F /* SVProgressHUD.h */ = {isa = PBXFileReference; fileEncoding = 4; lastKnownFileType = sourcecode.c.h; path = SVProgressHUD.h; sourceTree = "<group>"; };
		69D80C5116EFA7A300AE451F /* SVProgressHUD.m */ = {isa = PBXFileReference; fileEncoding = 4; lastKnownFileType = sourcecode.c.objc; path = SVProgressHUD.m; sourceTree = "<group>"; };
		69D80C5316EFA7A300AE451F /* WSAlbumTableViewController.h */ = {isa = PBXFileReference; fileEncoding = 4; lastKnownFileType = sourcecode.c.h; path = WSAlbumTableViewController.h; sourceTree = "<group>"; };
		69D80C5416EFA7A300AE451F /* WSAlbumTableViewController.m */ = {isa = PBXFileReference; fileEncoding = 4; lastKnownFileType = sourcecode.c.objc; path = WSAlbumTableViewController.m; sourceTree = "<group>"; };
		69D80C5516EFA7A300AE451F /* WSAssetPicker-Prefix.pch */ = {isa = PBXFileReference; fileEncoding = 4; lastKnownFileType = sourcecode.c.h; path = "WSAssetPicker-Prefix.pch"; sourceTree = "<group>"; };
		69D80C5616EFA7A300AE451F /* WSAssetPicker.h */ = {isa = PBXFileReference; fileEncoding = 4; lastKnownFileType = sourcecode.c.h; path = WSAssetPicker.h; sourceTree = "<group>"; };
		69D80C5716EFA7A300AE451F /* WSAssetPickerController.h */ = {isa = PBXFileReference; fileEncoding = 4; lastKnownFileType = sourcecode.c.h; path = WSAssetPickerController.h; sourceTree = "<group>"; };
		69D80C5816EFA7A300AE451F /* WSAssetPickerController.m */ = {isa = PBXFileReference; fileEncoding = 4; lastKnownFileType = sourcecode.c.objc; path = WSAssetPickerController.m; sourceTree = "<group>"; };
		69D80C5916EFA7A300AE451F /* WSAssetPickerState.h */ = {isa = PBXFileReference; fileEncoding = 4; lastKnownFileType = sourcecode.c.h; path = WSAssetPickerState.h; sourceTree = "<group>"; };
		69D80C5A16EFA7A300AE451F /* WSAssetPickerState.m */ = {isa = PBXFileReference; fileEncoding = 4; lastKnownFileType = sourcecode.c.objc; path = WSAssetPickerState.m; sourceTree = "<group>"; };
		69D80C5B16EFA7A300AE451F /* WSAssetsTableViewCell.h */ = {isa = PBXFileReference; fileEncoding = 4; lastKnownFileType = sourcecode.c.h; path = WSAssetsTableViewCell.h; sourceTree = "<group>"; };
		69D80C5C16EFA7A300AE451F /* WSAssetsTableViewCell.m */ = {isa = PBXFileReference; fileEncoding = 4; lastKnownFileType = sourcecode.c.objc; path = WSAssetsTableViewCell.m; sourceTree = "<group>"; };
		69D80C5D16EFA7A300AE451F /* WSAssetTableViewController.h */ = {isa = PBXFileReference; fileEncoding = 4; lastKnownFileType = sourcecode.c.h; path = WSAssetTableViewController.h; sourceTree = "<group>"; };
		69D80C5E16EFA7A300AE451F /* WSAssetTableViewController.m */ = {isa = PBXFileReference; fileEncoding = 4; lastKnownFileType = sourcecode.c.objc; path = WSAssetTableViewController.m; sourceTree = "<group>"; };
		69D80C5F16EFA7A300AE451F /* WSAssetViewColumn.h */ = {isa = PBXFileReference; fileEncoding = 4; lastKnownFileType = sourcecode.c.h; path = WSAssetViewColumn.h; sourceTree = "<group>"; };
		69D80C6016EFA7A300AE451F /* WSAssetViewColumn.m */ = {isa = PBXFileReference; fileEncoding = 4; lastKnownFileType = sourcecode.c.objc; path = WSAssetViewColumn.m; sourceTree = "<group>"; };
		69D80C6116EFA7A300AE451F /* WSAssetWrapper.h */ = {isa = PBXFileReference; fileEncoding = 4; lastKnownFileType = sourcecode.c.h; path = WSAssetWrapper.h; sourceTree = "<group>"; };
		69D80C6216EFA7A300AE451F /* WSAssetWrapper.m */ = {isa = PBXFileReference; fileEncoding = 4; lastKnownFileType = sourcecode.c.objc; path = WSAssetWrapper.m; sourceTree = "<group>"; };
		69D80C6316EFA7A300AE451F /* WSPickerWithToolbar.h */ = {isa = PBXFileReference; fileEncoding = 4; lastKnownFileType = sourcecode.c.h; path = WSPickerWithToolbar.h; sourceTree = "<group>"; };
		69D80C6416EFA7A300AE451F /* WSPickerWithToolbar.m */ = {isa = PBXFileReference; fileEncoding = 4; lastKnownFileType = sourcecode.c.objc; path = WSPickerWithToolbar.m; sourceTree = "<group>"; };
		69E41EC416DBAC1B00C27C9D /* SettingsViewController.h */ = {isa = PBXFileReference; fileEncoding = 4; lastKnownFileType = sourcecode.c.h; path = SettingsViewController.h; sourceTree = "<group>"; };
		69E41EC516DBAC1B00C27C9D /* SettingsViewController.m */ = {isa = PBXFileReference; fileEncoding = 4; lastKnownFileType = sourcecode.c.objc; path = SettingsViewController.m; sourceTree = "<group>"; };
		69E41EC616DBAC1B00C27C9D /* SettingsViewController~iphone.xib */ = {isa = PBXFileReference; fileEncoding = 4; lastKnownFileType = file.xib; path = "SettingsViewController~iphone.xib"; sourceTree = "<group>"; };
		69E41ECA16DBB24800C27C9D /* SettingsHelper.h */ = {isa = PBXFileReference; fileEncoding = 4; lastKnownFileType = sourcecode.c.h; path = SettingsHelper.h; sourceTree = "<group>"; };
		69E41ECB16DBB24800C27C9D /* SettingsHelper.m */ = {isa = PBXFileReference; fileEncoding = 4; lastKnownFileType = sourcecode.c.objc; path = SettingsHelper.m; sourceTree = "<group>"; };
		69E41EEB16DBC0BE00C27C9D /* QuartzCore.framework */ = {isa = PBXFileReference; lastKnownFileType = wrapper.framework; name = QuartzCore.framework; path = System/Library/Frameworks/QuartzCore.framework; sourceTree = SDKROOT; };
		69EAA8FC16E25B0000EA42C9 /* UIImage+iPhone5.h */ = {isa = PBXFileReference; fileEncoding = 4; lastKnownFileType = sourcecode.c.h; path = "UIImage+iPhone5.h"; sourceTree = "<group>"; };
		69EAA8FD16E25B0100EA42C9 /* UIImage+iPhone5.m */ = {isa = PBXFileReference; fileEncoding = 4; lastKnownFileType = sourcecode.c.objc; path = "UIImage+iPhone5.m"; sourceTree = "<group>"; };
		69EAA8FF16E25B4300EA42C9 /* ipad-slider-fill.png */ = {isa = PBXFileReference; lastKnownFileType = image.png; path = "ipad-slider-fill.png"; sourceTree = "<group>"; };
		69EAA90016E25B4300EA42C9 /* ipad-slider-fill@2x.png */ = {isa = PBXFileReference; lastKnownFileType = image.png; path = "ipad-slider-fill@2x.png"; sourceTree = "<group>"; };
		69EAA90116E25B4300EA42C9 /* ipad-slider-handle.png */ = {isa = PBXFileReference; lastKnownFileType = image.png; path = "ipad-slider-handle.png"; sourceTree = "<group>"; };
		69EAA90216E25B4300EA42C9 /* ipad-slider-handle@2x.png */ = {isa = PBXFileReference; lastKnownFileType = image.png; path = "ipad-slider-handle@2x.png"; sourceTree = "<group>"; };
		69EAA90316E25B4300EA42C9 /* ipad-slider-track.png */ = {isa = PBXFileReference; lastKnownFileType = image.png; path = "ipad-slider-track.png"; sourceTree = "<group>"; };
		69EAA90416E25B4300EA42C9 /* ipad-slider-track@2x.png */ = {isa = PBXFileReference; lastKnownFileType = image.png; path = "ipad-slider-track@2x.png"; sourceTree = "<group>"; };
		69FB847616E415CC00CA73F5 /* default-background.png */ = {isa = PBXFileReference; lastKnownFileType = image.png; path = "default-background.png"; sourceTree = "<group>"; };
		69FB847816E41AD200CA73F5 /* AboutViewController.h */ = {isa = PBXFileReference; fileEncoding = 4; lastKnownFileType = sourcecode.c.h; path = AboutViewController.h; sourceTree = "<group>"; };
		69FB847916E41AD200CA73F5 /* AboutViewController.m */ = {isa = PBXFileReference; fileEncoding = 4; lastKnownFileType = sourcecode.c.objc; path = AboutViewController.m; sourceTree = "<group>"; };
		69FB847A16E41AD200CA73F5 /* AboutViewController~iphone.xib */ = {isa = PBXFileReference; fileEncoding = 4; lastKnownFileType = file.xib; path = "AboutViewController~iphone.xib"; sourceTree = "<group>"; };
		69FB847E16E4202B00CA73F5 /* Crashlytics.framework */ = {isa = PBXFileReference; lastKnownFileType = wrapper.framework; path = Crashlytics.framework; sourceTree = "<group>"; };
/* End PBXFileReference section */

/* Begin PBXFrameworksBuildPhase section */
		69596FC216DADE890021868B /* Frameworks */ = {
			isa = PBXFrameworksBuildPhase;
			buildActionMask = 2147483647;
			files = (
				69E41EEC16DBC0BE00C27C9D /* QuartzCore.framework in Frameworks */,
				6959700416DAE1950021868B /* AssetsLibrary.framework in Frameworks */,
				69596FC916DADE890021868B /* UIKit.framework in Frameworks */,
				69596FCB16DADE890021868B /* Foundation.framework in Frameworks */,
				69596FCD16DADE890021868B /* CoreGraphics.framework in Frameworks */,
				69FB847F16E4202B00CA73F5 /* Crashlytics.framework in Frameworks */,
			);
			runOnlyForDeploymentPostprocessing = 0;
		};
		69D80C2516EFA5DE00AE451F /* Frameworks */ = {
			isa = PBXFrameworksBuildPhase;
			buildActionMask = 2147483647;
			files = (
				69D80C4216EFA5FB00AE451F /* AssetsLibrary.framework in Frameworks */,
				69D80C4116EFA5F600AE451F /* QuartzCore.framework in Frameworks */,
				69D80C2916EFA5DE00AE451F /* UIKit.framework in Frameworks */,
				69D80C2A16EFA5DE00AE451F /* Foundation.framework in Frameworks */,
				69D80C4D16EFA6F100AE451F /* Crashlytics.framework in Frameworks */,
				69D80C2B16EFA5DE00AE451F /* CoreGraphics.framework in Frameworks */,
			);
			runOnlyForDeploymentPostprocessing = 0;
		};
/* End PBXFrameworksBuildPhase section */

/* Begin PBXGroup section */
		69596FBC16DADE890021868B = {
			isa = PBXGroup;
			children = (
				3401FFC017450AAF0063A85F /* Default-Landscape@2x~ipad.png */,
				3401FFBB17450A980063A85F /* Default-Landscape~ipad.png */,
				3401FFB5174508EE0063A85F /* 72x72_mobile_Icon.png */,
				3401FFB6174508EE0063A85F /* 144x144_mobile_Icon.png */,
				69878DFC16E43D500076DCC2 /* 114x114_mobile_icon.png */,
				69878DFA16E43D4B0076DCC2 /* 57x57_mobile_icon.png */,
				69596FCE16DADE890021868B /* BabyMeSlideshow */,
				69D80C2C16EFA5DE00AE451F /* BabyMeSlideshowPlus */,
				69596FC716DADE890021868B /* Frameworks */,
				69596FC616DADE890021868B /* Products */,
			);
			sourceTree = "<group>";
		};
		69596FC616DADE890021868B /* Products */ = {
			isa = PBXGroup;
			children = (
				69596FC516DADE890021868B /* BabyMeSlideshow.app */,
				69D80C2816EFA5DE00AE451F /* BabyMeSlideshowPlus.app */,
			);
			name = Products;
			sourceTree = "<group>";
		};
		69596FC716DADE890021868B /* Frameworks */ = {
			isa = PBXGroup;
			children = (
				6959700316DAE1950021868B /* AssetsLibrary.framework */,
				69596FCC16DADE890021868B /* CoreGraphics.framework */,
				69FB847E16E4202B00CA73F5 /* Crashlytics.framework */,
				69596FCA16DADE890021868B /* Foundation.framework */,
				69E41EEB16DBC0BE00C27C9D /* QuartzCore.framework */,
				69596FC816DADE890021868B /* UIKit.framework */,
			);
			name = Frameworks;
			sourceTree = "<group>";
		};
		69596FCE16DADE890021868B /* BabyMeSlideshow */ = {
			isa = PBXGroup;
			children = (
				69FB847816E41AD200CA73F5 /* AboutViewController.h */,
				69FB847916E41AD200CA73F5 /* AboutViewController.m */,
				6925EB1416F0DAC900D6ED87 /* AboutViewController~ipad.xib */,
				69FB847A16E41AD200CA73F5 /* AboutViewController~iphone.xib */,
				69596FD716DADE890021868B /* AppDelegate.h */,
				69596FD816DADE890021868B /* AppDelegate.m */,
				6959700516DAE3780021868B /* Resources */,
				69E41ECA16DBB24800C27C9D /* SettingsHelper.h */,
				69E41ECB16DBB24800C27C9D /* SettingsHelper.m */,
				69E41EC416DBAC1B00C27C9D /* SettingsViewController.h */,
				69E41EC516DBAC1B00C27C9D /* SettingsViewController.m */,
				6925EB1716F0DB1500D6ED87 /* SettingsViewController~ipad.xib */,
				69E41EC616DBAC1B00C27C9D /* SettingsViewController~iphone.xib */,
				6959700D16DAE4FC0021868B /* SlideshowViewController.h */,
				6959700E16DAE4FC0021868B /* SlideshowViewController.m */,
				6925EB1916F0DB2900D6ED87 /* SlideshowViewController~ipad.xib */,
				6959700F16DAE4FC0021868B /* SlideshowViewController~iphone.xib */,
				69596FCF16DADE890021868B /* Supporting Files */,
				69596FEB16DAE17A0021868B /* ThirdParty */,
				69EAA8FC16E25B0000EA42C9 /* UIImage+iPhone5.h */,
				69EAA8FD16E25B0100EA42C9 /* UIImage+iPhone5.m */,
				69596FE016DADE890021868B /* ViewController.h */,
				69596FE116DADE890021868B /* ViewController.m */,
				69D80C4B16EFA6C200AE451F /* ViewController~ipad.xib */,
				69596FE316DADE890021868B /* ViewController~iphone.xib */,
			);
			path = BabyMeSlideshow;
			sourceTree = "<group>";
		};
		69596FCF16DADE890021868B /* Supporting Files */ = {
			isa = PBXGroup;
			children = (
				69596FD016DADE890021868B /* BabyMeSlideshow-Info.plist */,
				69596FD116DADE890021868B /* InfoPlist.strings */,
				69596FD416DADE890021868B /* main.m */,
				69596FD616DADE890021868B /* BabyMeSlideshow-Prefix.pch */,
				69596FDA16DADE890021868B /* Default.png */,
				69596FDC16DADE890021868B /* Default@2x.png */,
				69596FDE16DADE890021868B /* Default-568h@2x.png */,
			);
			name = "Supporting Files";
			sourceTree = "<group>";
		};
		69596FEB16DAE17A0021868B /* ThirdParty */ = {
			isa = PBXGroup;
			children = (
				69D80C4E16EFA7A300AE451F /* SVProgressHUD */,
				69D80C5216EFA7A300AE451F /* WSAlbum */,
			);
			path = ThirdParty;
			sourceTree = "<group>";
		};
		6959700516DAE3780021868B /* Resources */ = {
			isa = PBXGroup;
			children = (
				6959700616DAE3780021868B /* Images */,
			);
			path = Resources;
			sourceTree = "<group>";
		};
		6959700616DAE3780021868B /* Images */ = {
			isa = PBXGroup;
			children = (
				3401FFCA17450C750063A85F /* home-ipad.png */,
				3401FFCB17450C750063A85F /* home-ipad@2x.png */,
				3401FFC217450B8B0063A85F /* default-background-ipad.png */,
				3401FFC317450B8B0063A85F /* default-background-ipad@2x.png */,
				69FB847616E415CC00CA73F5 /* default-background.png */,
				69878DF216E43B210076DCC2 /* gear.png */,
				69878DF316E43B210076DCC2 /* gear@2x.png */,
				69A1522D16EECE2C0092591C /* home.png */,
				69A1522E16EECE2C0092591C /* home@2x.png */,
				69A1522C16EECE2C0092591C /* home_iphone5.png */,
				69A1524A16EED20C0092591C /* ipad-button-green.png */,
				69A1524B16EED20C0092591C /* ipad-button-green@2x.png */,
				69EAA8FF16E25B4300EA42C9 /* ipad-slider-fill.png */,
				69EAA90016E25B4300EA42C9 /* ipad-slider-fill@2x.png */,
				69EAA90116E25B4300EA42C9 /* ipad-slider-handle.png */,
				69EAA90216E25B4300EA42C9 /* ipad-slider-handle@2x.png */,
				69EAA90316E25B4300EA42C9 /* ipad-slider-track.png */,
				69EAA90416E25B4300EA42C9 /* ipad-slider-track@2x.png */,
				69A1522F16EECE2C0092591C /* new-slideshow-button-active.png */,
				69A1523016EECE2C0092591C /* new-slideshow-button-active@2x.png */,
				69A1523116EECE2C0092591C /* new-slideshow-button.png */,
				69A1523216EECE2C0092591C /* new-slideshow-button@2x.png */,
				69A1524E16EED2440092591C /* press-and-hold-banner.png */,
				69A1524F16EED2440092591C /* press-and-hold-banner@2x.png */,
				69A1523316EECE2C0092591C /* settings-button-active.png */,
				69A1523416EECE2C0092591C /* settings-button-active@2x.png */,
				69A1523516EECE2C0092591C /* settings-button.png */,
				69A1523616EECE2C0092591C /* settings-button@2x.png */,
				69A1523716EECE2C0092591C /* use-previous-button-active.png */,
				69A1523816EECE2C0092591C /* use-previous-button-active@2x.png */,
				69A1523916EECE2C0092591C /* use-previous-button.png */,
				69A1523A16EECE2C0092591C /* use-previous-button@2x.png */,
				6959700716DAE3780021868B /* WSAssetViewSelectionIndicator.png */,
				6959700816DAE3780021868B /* WSAssetViewSelectionIndicator@2x.png */,
			);
			path = Images;
			sourceTree = "<group>";
		};
		69D80C2C16EFA5DE00AE451F /* BabyMeSlideshowPlus */ = {
			isa = PBXGroup;
			children = (
				69D80C2D16EFA5DE00AE451F /* Supporting Files */,
			);
			path = BabyMeSlideshowPlus;
			sourceTree = "<group>";
		};
		69D80C2D16EFA5DE00AE451F /* Supporting Files */ = {
			isa = PBXGroup;
			children = (
				69D80C2E16EFA5DE00AE451F /* BabyMeSlideshowPlus-Info.plist */,
				69D80C2F16EFA5DE00AE451F /* InfoPlist.strings */,
				69D80C3416EFA5DE00AE451F /* BabyMeSlideshowPlus-Prefix.pch */,
			);
			name = "Supporting Files";
			sourceTree = "<group>";
		};
		69D80C4E16EFA7A300AE451F /* SVProgressHUD */ = {
			isa = PBXGroup;
			children = (
				69D80C4F16EFA7A300AE451F /* SVProgressHUD.bundle */,
				69D80C5016EFA7A300AE451F /* SVProgressHUD.h */,
				69D80C5116EFA7A300AE451F /* SVProgressHUD.m */,
			);
			path = SVProgressHUD;
			sourceTree = "<group>";
		};
		69D80C5216EFA7A300AE451F /* WSAlbum */ = {
			isa = PBXGroup;
			children = (
				69D80C5316EFA7A300AE451F /* WSAlbumTableViewController.h */,
				69D80C5416EFA7A300AE451F /* WSAlbumTableViewController.m */,
				69D80C5516EFA7A300AE451F /* WSAssetPicker-Prefix.pch */,
				69D80C5616EFA7A300AE451F /* WSAssetPicker.h */,
				69D80C5716EFA7A300AE451F /* WSAssetPickerController.h */,
				69D80C5816EFA7A300AE451F /* WSAssetPickerController.m */,
				69D80C5916EFA7A300AE451F /* WSAssetPickerState.h */,
				69D80C5A16EFA7A300AE451F /* WSAssetPickerState.m */,
				69D80C5B16EFA7A300AE451F /* WSAssetsTableViewCell.h */,
				69D80C5C16EFA7A300AE451F /* WSAssetsTableViewCell.m */,
				69D80C5D16EFA7A300AE451F /* WSAssetTableViewController.h */,
				69D80C5E16EFA7A300AE451F /* WSAssetTableViewController.m */,
				69D80C5F16EFA7A300AE451F /* WSAssetViewColumn.h */,
				69D80C6016EFA7A300AE451F /* WSAssetViewColumn.m */,
				69D80C6116EFA7A300AE451F /* WSAssetWrapper.h */,
				69D80C6216EFA7A300AE451F /* WSAssetWrapper.m */,
				69D80C6316EFA7A300AE451F /* WSPickerWithToolbar.h */,
				69D80C6416EFA7A300AE451F /* WSPickerWithToolbar.m */,
			);
			path = WSAlbum;
			sourceTree = "<group>";
		};
/* End PBXGroup section */

/* Begin PBXNativeTarget section */
		69596FC416DADE890021868B /* BabyMeSlideshow */ = {
			isa = PBXNativeTarget;
			buildConfigurationList = 69596FE816DADE890021868B /* Build configuration list for PBXNativeTarget "BabyMeSlideshow" */;
			buildPhases = (
				69596FC116DADE890021868B /* Sources */,
				69596FC216DADE890021868B /* Frameworks */,
				69596FC316DADE890021868B /* Resources */,
				69FB847D16E4201900CA73F5 /* ShellScript */,
			);
			buildRules = (
			);
			dependencies = (
			);
			name = BabyMeSlideshow;
			productName = BabyMeSlideshow;
			productReference = 69596FC516DADE890021868B /* BabyMeSlideshow.app */;
			productType = "com.apple.product-type.application";
		};
		69D80C2716EFA5DE00AE451F /* BabyMeSlideshowPlus */ = {
			isa = PBXNativeTarget;
			buildConfigurationList = 69D80C4016EFA5DE00AE451F /* Build configuration list for PBXNativeTarget "BabyMeSlideshowPlus" */;
			buildPhases = (
				69D80C2416EFA5DE00AE451F /* Sources */,
				69D80C2516EFA5DE00AE451F /* Frameworks */,
				69D80C2616EFA5DE00AE451F /* Resources */,
			);
			buildRules = (
			);
			dependencies = (
			);
			name = BabyMeSlideshowPlus;
			productName = BabyMeSlideshowPlus;
			productReference = 69D80C2816EFA5DE00AE451F /* BabyMeSlideshowPlus.app */;
			productType = "com.apple.product-type.application";
		};
/* End PBXNativeTarget section */

/* Begin PBXProject section */
		69596FBD16DADE890021868B /* Project object */ = {
			isa = PBXProject;
			attributes = {
				LastUpgradeCheck = 0460;
				ORGANIZATIONNAME = "Idle Fusion";
			};
			buildConfigurationList = 69596FC016DADE890021868B /* Build configuration list for PBXProject "BabyMeSlideshow" */;
			compatibilityVersion = "Xcode 3.2";
			developmentRegion = English;
			hasScannedForEncodings = 0;
			knownRegions = (
				en,
			);
			mainGroup = 69596FBC16DADE890021868B;
			productRefGroup = 69596FC616DADE890021868B /* Products */;
			projectDirPath = "";
			projectRoot = "";
			targets = (
				69596FC416DADE890021868B /* BabyMeSlideshow */,
				69D80C2716EFA5DE00AE451F /* BabyMeSlideshowPlus */,
			);
		};
/* End PBXProject section */

/* Begin PBXResourcesBuildPhase section */
		69596FC316DADE890021868B /* Resources */ = {
			isa = PBXResourcesBuildPhase;
			buildActionMask = 2147483647;
			files = (
				69596FD316DADE890021868B /* InfoPlist.strings in Resources */,
				69596FDB16DADE890021868B /* Default.png in Resources */,
				69596FDD16DADE890021868B /* Default@2x.png in Resources */,
				69596FDF16DADE890021868B /* Default-568h@2x.png in Resources */,
				69596FE516DADE890021868B /* ViewController~iphone.xib in Resources */,
				6959700916DAE3780021868B /* WSAssetViewSelectionIndicator.png in Resources */,
				6959700A16DAE3780021868B /* WSAssetViewSelectionIndicator@2x.png in Resources */,
				6959701116DAE4FC0021868B /* SlideshowViewController~iphone.xib in Resources */,
				69E41EC816DBAC1B00C27C9D /* SettingsViewController~iphone.xib in Resources */,
				69EAA90516E25B4300EA42C9 /* ipad-slider-fill.png in Resources */,
				69EAA90616E25B4300EA42C9 /* ipad-slider-fill@2x.png in Resources */,
				69EAA90716E25B4300EA42C9 /* ipad-slider-handle.png in Resources */,
				69EAA90816E25B4300EA42C9 /* ipad-slider-handle@2x.png in Resources */,
				69EAA90916E25B4300EA42C9 /* ipad-slider-track.png in Resources */,
				69EAA90A16E25B4300EA42C9 /* ipad-slider-track@2x.png in Resources */,
				69FB847716E415CC00CA73F5 /* default-background.png in Resources */,
				69FB847C16E41AD200CA73F5 /* AboutViewController~iphone.xib in Resources */,
				69878DF416E43B210076DCC2 /* gear.png in Resources */,
				69878DF516E43B210076DCC2 /* gear@2x.png in Resources */,
				69878DFB16E43D4B0076DCC2 /* 57x57_mobile_icon.png in Resources */,
				69878DFD16E43D500076DCC2 /* 114x114_mobile_icon.png in Resources */,
				69A1523B16EECE2C0092591C /* home_iphone5.png in Resources */,
				69A1523C16EECE2C0092591C /* home.png in Resources */,
				69A1523D16EECE2C0092591C /* home@2x.png in Resources */,
				69A1523E16EECE2C0092591C /* new-slideshow-button-active.png in Resources */,
				69A1523F16EECE2C0092591C /* new-slideshow-button-active@2x.png in Resources */,
				69A1524016EECE2C0092591C /* new-slideshow-button.png in Resources */,
				69A1524116EECE2C0092591C /* new-slideshow-button@2x.png in Resources */,
				69A1524216EECE2C0092591C /* settings-button-active.png in Resources */,
				69A1524316EECE2C0092591C /* settings-button-active@2x.png in Resources */,
				69A1524416EECE2C0092591C /* settings-button.png in Resources */,
				69A1524516EECE2C0092591C /* settings-button@2x.png in Resources */,
				69A1524616EECE2C0092591C /* use-previous-button-active.png in Resources */,
				69A1524716EECE2C0092591C /* use-previous-button-active@2x.png in Resources */,
				69A1524816EECE2C0092591C /* use-previous-button.png in Resources */,
				69A1524916EECE2C0092591C /* use-previous-button@2x.png in Resources */,
				69A1524C16EED20C0092591C /* ipad-button-green.png in Resources */,
				69A1524D16EED20C0092591C /* ipad-button-green@2x.png in Resources */,
				69A1525016EED2440092591C /* press-and-hold-banner.png in Resources */,
				69A1525116EED2440092591C /* press-and-hold-banner@2x.png in Resources */,
				69D80C6516EFA7A300AE451F /* SVProgressHUD.bundle in Resources */,
			);
			runOnlyForDeploymentPostprocessing = 0;
		};
		69D80C2616EFA5DE00AE451F /* Resources */ = {
			isa = PBXResourcesBuildPhase;
			buildActionMask = 2147483647;
			files = (
				3401FFC817450BA70063A85F /* 72x72_mobile_Icon.png in Resources */,
				3401FFC917450BA70063A85F /* 144x144_mobile_Icon.png in Resources */,
				6925EB1B16F0DCB900D6ED87 /* default-background.png in Resources */,
				6925EB1C16F0DCB900D6ED87 /* gear.png in Resources */,
				6925EB1D16F0DCB900D6ED87 /* gear@2x.png in Resources */,
				6925EB1E16F0DCB900D6ED87 /* home.png in Resources */,
				6925EB1F16F0DCB900D6ED87 /* home@2x.png in Resources */,
				6925EB2016F0DCB900D6ED87 /* home_iphone5.png in Resources */,
				6925EB2116F0DCB900D6ED87 /* ipad-button-green.png in Resources */,
				6925EB2216F0DCB900D6ED87 /* ipad-button-green@2x.png in Resources */,
				6925EB2316F0DCB900D6ED87 /* ipad-slider-fill.png in Resources */,
				6925EB2416F0DCB900D6ED87 /* ipad-slider-fill@2x.png in Resources */,
				6925EB2516F0DCB900D6ED87 /* ipad-slider-handle.png in Resources */,
				6925EB2616F0DCB900D6ED87 /* ipad-slider-handle@2x.png in Resources */,
				6925EB2716F0DCB900D6ED87 /* ipad-slider-track.png in Resources */,
				6925EB2816F0DCB900D6ED87 /* ipad-slider-track@2x.png in Resources */,
				6925EB2916F0DCB900D6ED87 /* new-slideshow-button-active.png in Resources */,
				6925EB2A16F0DCB900D6ED87 /* new-slideshow-button-active@2x.png in Resources */,
				6925EB2B16F0DCB900D6ED87 /* new-slideshow-button.png in Resources */,
				6925EB2C16F0DCB900D6ED87 /* new-slideshow-button@2x.png in Resources */,
				6925EB2D16F0DCB900D6ED87 /* press-and-hold-banner.png in Resources */,
				6925EB2E16F0DCB900D6ED87 /* press-and-hold-banner@2x.png in Resources */,
				6925EB2F16F0DCB900D6ED87 /* settings-button-active.png in Resources */,
				6925EB3016F0DCB900D6ED87 /* settings-button-active@2x.png in Resources */,
				6925EB3116F0DCB900D6ED87 /* settings-button.png in Resources */,
				6925EB3216F0DCB900D6ED87 /* settings-button@2x.png in Resources */,
				6925EB3316F0DCB900D6ED87 /* use-previous-button-active.png in Resources */,
				6925EB3416F0DCB900D6ED87 /* use-previous-button-active@2x.png in Resources */,
				6925EB3516F0DCB900D6ED87 /* use-previous-button.png in Resources */,
				6925EB3616F0DCB900D6ED87 /* use-previous-button@2x.png in Resources */,
				6925EB3716F0DCB900D6ED87 /* WSAssetViewSelectionIndicator.png in Resources */,
				6925EB3816F0DCB900D6ED87 /* WSAssetViewSelectionIndicator@2x.png in Resources */,
				6925EB1616F0DAF600D6ED87 /* AboutViewController~ipad.xib in Resources */,
				69D80C7916EFA87000AE451F /* ViewController~ipad.xib in Resources */,
				69D80C3116EFA5DE00AE451F /* InfoPlist.strings in Resources */,
				69D80C6616EFA7A300AE451F /* SVProgressHUD.bundle in Resources */,
				6925EB1816F0DB1500D6ED87 /* SettingsViewController~ipad.xib in Resources */,
				6925EB1A16F0DB2900D6ED87 /* SlideshowViewController~ipad.xib in Resources */,
				3401FFBF17450A9E0063A85F /* Default-Landscape~ipad.png in Resources */,
				3401FFC117450AAF0063A85F /* Default-Landscape@2x~ipad.png in Resources */,
				3401FFC517450B8B0063A85F /* default-background-ipad.png in Resources */,
				3401FFC717450B8B0063A85F /* default-background-ipad@2x.png in Resources */,
				3401FFCC17450C750063A85F /* home-ipad.png in Resources */,
				3401FFCD17450C750063A85F /* home-ipad@2x.png in Resources */,
			);
			runOnlyForDeploymentPostprocessing = 0;
		};
/* End PBXResourcesBuildPhase section */

/* Begin PBXShellScriptBuildPhase section */
		69FB847D16E4201900CA73F5 /* ShellScript */ = {
			isa = PBXShellScriptBuildPhase;
			buildActionMask = 2147483647;
			files = (
			);
			inputPaths = (
			);
			outputPaths = (
			);
			runOnlyForDeploymentPostprocessing = 0;
			shellPath = /bin/sh;
			shellScript = "./Crashlytics.framework/run 907acff10b7b639198aadbeb5eca1950ffbfb149";
		};
/* End PBXShellScriptBuildPhase section */

/* Begin PBXSourcesBuildPhase section */
		69596FC116DADE890021868B /* Sources */ = {
			isa = PBXSourcesBuildPhase;
			buildActionMask = 2147483647;
			files = (
				69596FD516DADE890021868B /* main.m in Sources */,
				69596FD916DADE890021868B /* AppDelegate.m in Sources */,
				69596FE216DADE890021868B /* ViewController.m in Sources */,
				6959701016DAE4FC0021868B /* SlideshowViewController.m in Sources */,
				69E41EC716DBAC1B00C27C9D /* SettingsViewController.m in Sources */,
				69E41ECC16DBB24800C27C9D /* SettingsHelper.m in Sources */,
				69EAA8FE16E25B0100EA42C9 /* UIImage+iPhone5.m in Sources */,
				69FB847B16E41AD200CA73F5 /* AboutViewController.m in Sources */,
				69D80C6716EFA7A300AE451F /* SVProgressHUD.m in Sources */,
				69D80C6916EFA7A300AE451F /* WSAlbumTableViewController.m in Sources */,
				69D80C6B16EFA7A300AE451F /* WSAssetPickerController.m in Sources */,
				69D80C6D16EFA7A300AE451F /* WSAssetPickerState.m in Sources */,
				69D80C6F16EFA7A300AE451F /* WSAssetsTableViewCell.m in Sources */,
				69D80C7116EFA7A300AE451F /* WSAssetTableViewController.m in Sources */,
				69D80C7316EFA7A300AE451F /* WSAssetViewColumn.m in Sources */,
				69D80C7516EFA7A300AE451F /* WSAssetWrapper.m in Sources */,
				69D80C7716EFA7A300AE451F /* WSPickerWithToolbar.m in Sources */,
			);
			runOnlyForDeploymentPostprocessing = 0;
		};
		69D80C2416EFA5DE00AE451F /* Sources */ = {
			isa = PBXSourcesBuildPhase;
			buildActionMask = 2147483647;
			files = (
				69D80C4516EFA67700AE451F /* AboutViewController.m in Sources */,
				69D80C4616EFA67700AE451F /* SettingsHelper.m in Sources */,
				69D80C4716EFA67700AE451F /* SettingsViewController.m in Sources */,
				69D80C4816EFA67700AE451F /* SlideshowViewController.m in Sources */,
				69D80C4916EFA67700AE451F /* UIImage+iPhone5.m in Sources */,
				69D80C4A16EFA67700AE451F /* ViewController.m in Sources */,
				69D80C4416EFA64800AE451F /* main.m in Sources */,
				69D80C4316EFA64300AE451F /* AppDelegate.m in Sources */,
				69D80C6816EFA7A300AE451F /* SVProgressHUD.m in Sources */,
				69D80C6A16EFA7A300AE451F /* WSAlbumTableViewController.m in Sources */,
				69D80C6C16EFA7A300AE451F /* WSAssetPickerController.m in Sources */,
				69D80C6E16EFA7A300AE451F /* WSAssetPickerState.m in Sources */,
				69D80C7016EFA7A300AE451F /* WSAssetsTableViewCell.m in Sources */,
				69D80C7216EFA7A300AE451F /* WSAssetTableViewController.m in Sources */,
				69D80C7416EFA7A300AE451F /* WSAssetViewColumn.m in Sources */,
				69D80C7616EFA7A300AE451F /* WSAssetWrapper.m in Sources */,
				69D80C7816EFA7A300AE451F /* WSPickerWithToolbar.m in Sources */,
			);
			runOnlyForDeploymentPostprocessing = 0;
		};
/* End PBXSourcesBuildPhase section */

/* Begin PBXVariantGroup section */
		69596FD116DADE890021868B /* InfoPlist.strings */ = {
			isa = PBXVariantGroup;
			children = (
				69596FD216DADE890021868B /* en */,
			);
			name = InfoPlist.strings;
			sourceTree = "<group>";
		};
		69596FE316DADE890021868B /* ViewController~iphone.xib */ = {
			isa = PBXVariantGroup;
			children = (
				69596FE416DADE890021868B /* en */,
			);
			name = "ViewController~iphone.xib";
			sourceTree = "<group>";
		};
		69D80C2F16EFA5DE00AE451F /* InfoPlist.strings */ = {
			isa = PBXVariantGroup;
			children = (
				69D80C3016EFA5DE00AE451F /* en */,
			);
			name = InfoPlist.strings;
			sourceTree = "<group>";
		};
/* End PBXVariantGroup section */

/* Begin XCBuildConfiguration section */
		69596FE616DADE890021868B /* Debug */ = {
			isa = XCBuildConfiguration;
			buildSettings = {
				ALWAYS_SEARCH_USER_PATHS = NO;
				CLANG_CXX_LANGUAGE_STANDARD = "gnu++0x";
				CLANG_CXX_LIBRARY = "libc++";
				CLANG_ENABLE_OBJC_ARC = YES;
				CLANG_WARN_CONSTANT_CONVERSION = YES;
				CLANG_WARN_EMPTY_BODY = YES;
				CLANG_WARN_ENUM_CONVERSION = YES;
				CLANG_WARN_INT_CONVERSION = YES;
				CLANG_WARN__DUPLICATE_METHOD_MATCH = YES;
				CODE_SIGN_IDENTITY = "iPhone Developer: Matthew Strickland (XKH5HACUZT)";
				"CODE_SIGN_IDENTITY[sdk=iphoneos*]" = "iPhone Developer: Matthew Strickland (XKH5HACUZT)";
				COPY_PHASE_STRIP = NO;
				GCC_C_LANGUAGE_STANDARD = gnu99;
				GCC_DYNAMIC_NO_PIC = NO;
				GCC_OPTIMIZATION_LEVEL = 0;
				GCC_PREPROCESSOR_DEFINITIONS = (
					"DEBUG=1",
					"$(inherited)",
				);
				GCC_SYMBOLS_PRIVATE_EXTERN = NO;
				GCC_WARN_ABOUT_RETURN_TYPE = YES;
				GCC_WARN_UNINITIALIZED_AUTOS = YES;
				GCC_WARN_UNUSED_VARIABLE = YES;
				IPHONEOS_DEPLOYMENT_TARGET = 6.1;
				ONLY_ACTIVE_ARCH = YES;
				PROVISIONING_PROFILE = "BE810D63-6EFE-4288-8E14-BADDCE10D017";
				"PROVISIONING_PROFILE[sdk=iphoneos*]" = "BE810D63-6EFE-4288-8E14-BADDCE10D017";
				SDKROOT = iphoneos;
			};
			name = Debug;
		};
		69596FE716DADE890021868B /* Release */ = {
			isa = XCBuildConfiguration;
			buildSettings = {
				ALWAYS_SEARCH_USER_PATHS = NO;
				CLANG_CXX_LANGUAGE_STANDARD = "gnu++0x";
				CLANG_CXX_LIBRARY = "libc++";
				CLANG_ENABLE_OBJC_ARC = YES;
				CLANG_WARN_CONSTANT_CONVERSION = YES;
				CLANG_WARN_EMPTY_BODY = YES;
				CLANG_WARN_ENUM_CONVERSION = YES;
				CLANG_WARN_INT_CONVERSION = YES;
				CLANG_WARN__DUPLICATE_METHOD_MATCH = YES;
				CODE_SIGN_IDENTITY = "iPhone Distribution: Matthew Strickland";
				"CODE_SIGN_IDENTITY[sdk=iphoneos*]" = "iPhone Distribution: Matthew Strickland";
				COPY_PHASE_STRIP = YES;
				GCC_C_LANGUAGE_STANDARD = gnu99;
				GCC_WARN_ABOUT_RETURN_TYPE = YES;
				GCC_WARN_UNINITIALIZED_AUTOS = YES;
				GCC_WARN_UNUSED_VARIABLE = YES;
				IPHONEOS_DEPLOYMENT_TARGET = 6.1;
				OTHER_CFLAGS = "-DNS_BLOCK_ASSERTIONS=1";
				PROVISIONING_PROFILE = "63859495-7454-496D-84E9-27130CE9698E";
				"PROVISIONING_PROFILE[sdk=iphoneos*]" = "63859495-7454-496D-84E9-27130CE9698E";
				SDKROOT = iphoneos;
				VALIDATE_PRODUCT = YES;
			};
			name = Release;
		};
		69596FE916DADE890021868B /* Debug */ = {
			isa = XCBuildConfiguration;
			buildSettings = {
				CODE_SIGN_IDENTITY = "iPhone Developer";
				"CODE_SIGN_IDENTITY[sdk=iphoneos*]" = "iPhone Developer: Matthew Strickland (XKH5HACUZT)";
				FRAMEWORK_SEARCH_PATHS = (
					"$(inherited)",
					"\"$(SRCROOT)\"",
				);
				GCC_PRECOMPILE_PREFIX_HEADER = YES;
				GCC_PREFIX_HEADER = "BabyMeSlideshow/BabyMeSlideshow-Prefix.pch";
				INFOPLIST_FILE = "BabyMeSlideshow/BabyMeSlideshow-Info.plist";
				IPHONEOS_DEPLOYMENT_TARGET = 6.0;
				PRODUCT_NAME = "$(TARGET_NAME)";
				PROVISIONING_PROFILE = "";
				"PROVISIONING_PROFILE[sdk=iphoneos*]" = "BE810D63-6EFE-4288-8E14-BADDCE10D017";
				WRAPPER_EXTENSION = app;
			};
			name = Debug;
		};
		69596FEA16DADE890021868B /* Release */ = {
			isa = XCBuildConfiguration;
			buildSettings = {
				CODE_SIGN_IDENTITY = "iPhone Distribution: Matthew Strickland";
				"CODE_SIGN_IDENTITY[sdk=iphoneos*]" = "iPhone Distribution";
				FRAMEWORK_SEARCH_PATHS = (
					"$(inherited)",
					"\"$(SRCROOT)\"",
				);
				GCC_PRECOMPILE_PREFIX_HEADER = YES;
				GCC_PREFIX_HEADER = "BabyMeSlideshow/BabyMeSlideshow-Prefix.pch";
				INFOPLIST_FILE = "BabyMeSlideshow/BabyMeSlideshow-Info.plist";
				IPHONEOS_DEPLOYMENT_TARGET = 6.0;
				PRODUCT_NAME = "$(TARGET_NAME)";
				PROVISIONING_PROFILE = "63859495-7454-496D-84E9-27130CE9698E";
				"PROVISIONING_PROFILE[sdk=iphoneos*]" = "";
				WRAPPER_EXTENSION = app;
			};
			name = Release;
		};
		69D80C3E16EFA5DE00AE451F /* Debug */ = {
			isa = XCBuildConfiguration;
			buildSettings = {
				"CODE_SIGN_IDENTITY[sdk=iphoneos*]" = "iPhone Developer";
				FRAMEWORK_SEARCH_PATHS = (
					"$(inherited)",
					"\"$(SRCROOT)\"",
				);
				GCC_PRECOMPILE_PREFIX_HEADER = YES;
				GCC_PREFIX_HEADER = "BabyMeSlideshowPlus/BabyMeSlideshowPlus-Prefix.pch";
				INFOPLIST_FILE = "BabyMeSlideshowPlus/BabyMeSlideshowPlus-Info.plist";
				IPHONEOS_DEPLOYMENT_TARGET = 6.0;
				PRODUCT_NAME = "$(TARGET_NAME)";
				TARGETED_DEVICE_FAMILY = 2;
				WRAPPER_EXTENSION = app;
			};
			name = Debug;
		};
		69D80C3F16EFA5DE00AE451F /* Release */ = {
			isa = XCBuildConfiguration;
			buildSettings = {
				"CODE_SIGN_IDENTITY[sdk=iphoneos*]" = "iPhone Developer";
				FRAMEWORK_SEARCH_PATHS = (
					"$(inherited)",
					"\"$(SRCROOT)\"",
				);
				GCC_PRECOMPILE_PREFIX_HEADER = YES;
				GCC_PREFIX_HEADER = "BabyMeSlideshowPlus/BabyMeSlideshowPlus-Prefix.pch";
				INFOPLIST_FILE = "BabyMeSlideshowPlus/BabyMeSlideshowPlus-Info.plist";
				IPHONEOS_DEPLOYMENT_TARGET = 6.0;
				PRODUCT_NAME = "$(TARGET_NAME)";
				TARGETED_DEVICE_FAMILY = 2;
				WRAPPER_EXTENSION = app;
			};
			name = Release;
		};
/* End XCBuildConfiguration section */

/* Begin XCConfigurationList section */
		69596FC016DADE890021868B /* Build configuration list for PBXProject "BabyMeSlideshow" */ = {
			isa = XCConfigurationList;
			buildConfigurations = (
				69596FE616DADE890021868B /* Debug */,
				69596FE716DADE890021868B /* Release */,
			);
			defaultConfigurationIsVisible = 0;
			defaultConfigurationName = Release;
		};
		69596FE816DADE890021868B /* Build configuration list for PBXNativeTarget "BabyMeSlideshow" */ = {
			isa = XCConfigurationList;
			buildConfigurations = (
				69596FE916DADE890021868B /* Debug */,
				69596FEA16DADE890021868B /* Release */,
			);
			defaultConfigurationIsVisible = 0;
			defaultConfigurationName = Release;
		};
		69D80C4016EFA5DE00AE451F /* Build configuration list for PBXNativeTarget "BabyMeSlideshowPlus" */ = {
			isa = XCConfigurationList;
			buildConfigurations = (
				69D80C3E16EFA5DE00AE451F /* Debug */,
				69D80C3F16EFA5DE00AE451F /* Release */,
			);
			defaultConfigurationIsVisible = 0;
			defaultConfigurationName = Release;
		};
/* End XCConfigurationList section */
	};
	rootObject = 69596FBD16DADE890021868B /* Project object */;
}
